// !$*UTF8*$!
{
	archiveVersion = 1;
	classes = {
	};
	objectVersion = 56;
	objects = {

/* Begin PBXBuildFile section */
		598BA1AE2B34212900A950AF /* AppDelegate.swift in Sources */ = {isa = PBXBuildFile; fileRef = 598BA1AD2B34212900A950AF /* AppDelegate.swift */; };
		598BA1B02B34212900A950AF /* SceneDelegate.swift in Sources */ = {isa = PBXBuildFile; fileRef = 598BA1AF2B34212900A950AF /* SceneDelegate.swift */; };
		598BA1B22B34212900A950AF /* ViewController.swift in Sources */ = {isa = PBXBuildFile; fileRef = 598BA1B12B34212900A950AF /* ViewController.swift */; };
		598BA1B72B34212A00A950AF /* Assets.xcassets in Resources */ = {isa = PBXBuildFile; fileRef = 598BA1B62B34212A00A950AF /* Assets.xcassets */; };
		598BA1BA2B34212A00A950AF /* LaunchScreen.storyboard in Resources */ = {isa = PBXBuildFile; fileRef = 598BA1B82B34212A00A950AF /* LaunchScreen.storyboard */; };
		59EA94B92B3431C9007EAA42 /* ViewModel.swift in Sources */ = {isa = PBXBuildFile; fileRef = 59EA94B82B3431C9007EAA42 /* ViewModel.swift */; };
		59EA94C72B36B181007EAA42 /* Repository.swift in Sources */ = {isa = PBXBuildFile; fileRef = 59EA94C62B36B181007EAA42 /* Repository.swift */; };
		59EA94C92B36B189007EAA42 /* UseCase.swift in Sources */ = {isa = PBXBuildFile; fileRef = 59EA94C82B36B189007EAA42 /* UseCase.swift */; };
		59EA94CB2B36F3CE007EAA42 /* PostDTO.swift in Sources */ = {isa = PBXBuildFile; fileRef = 59EA94CA2B36F3CE007EAA42 /* PostDTO.swift */; };
		59EA94CD2B37425C007EAA42 /* Constant.swift in Sources */ = {isa = PBXBuildFile; fileRef = 59EA94CC2B37425C007EAA42 /* Constant.swift */; };
		953A3579F5AE4667DAD06E9F /* Pods_PracticeMVVM_CleanArchitecture.framework in Frameworks */ = {isa = PBXBuildFile; fileRef = 8F5866899DFF645B4709B70D /* Pods_PracticeMVVM_CleanArchitecture.framework */; };
/* End PBXBuildFile section */

/* Begin PBXFileReference section */
		55D1C5D3706E74EFC5DFEFBA /* Pods-PracticeMVVM-CleanArchitecture.release.xcconfig */ = {isa = PBXFileReference; includeInIndex = 1; lastKnownFileType = text.xcconfig; name = "Pods-PracticeMVVM-CleanArchitecture.release.xcconfig"; path = "Target Support Files/Pods-PracticeMVVM-CleanArchitecture/Pods-PracticeMVVM-CleanArchitecture.release.xcconfig"; sourceTree = "<group>"; };
		598BA1AA2B34212900A950AF /* PracticeMVVM-CleanArchitecture.app */ = {isa = PBXFileReference; explicitFileType = wrapper.application; includeInIndex = 0; path = "PracticeMVVM-CleanArchitecture.app"; sourceTree = BUILT_PRODUCTS_DIR; };
		598BA1AD2B34212900A950AF /* AppDelegate.swift */ = {isa = PBXFileReference; lastKnownFileType = sourcecode.swift; path = AppDelegate.swift; sourceTree = "<group>"; };
		598BA1AF2B34212900A950AF /* SceneDelegate.swift */ = {isa = PBXFileReference; lastKnownFileType = sourcecode.swift; path = SceneDelegate.swift; sourceTree = "<group>"; };
		598BA1B12B34212900A950AF /* ViewController.swift */ = {isa = PBXFileReference; lastKnownFileType = sourcecode.swift; path = ViewController.swift; sourceTree = "<group>"; };
		598BA1B62B34212A00A950AF /* Assets.xcassets */ = {isa = PBXFileReference; lastKnownFileType = folder.assetcatalog; path = Assets.xcassets; sourceTree = "<group>"; };
		598BA1B92B34212A00A950AF /* Base */ = {isa = PBXFileReference; lastKnownFileType = file.storyboard; name = Base; path = Base.lproj/LaunchScreen.storyboard; sourceTree = "<group>"; };
		598BA1BB2B34212A00A950AF /* Info.plist */ = {isa = PBXFileReference; lastKnownFileType = text.plist.xml; path = Info.plist; sourceTree = "<group>"; };
		59EA94B82B3431C9007EAA42 /* ViewModel.swift */ = {isa = PBXFileReference; lastKnownFileType = sourcecode.swift; path = ViewModel.swift; sourceTree = "<group>"; };
		59EA94C62B36B181007EAA42 /* Repository.swift */ = {isa = PBXFileReference; lastKnownFileType = sourcecode.swift; path = Repository.swift; sourceTree = "<group>"; };
		59EA94C82B36B189007EAA42 /* UseCase.swift */ = {isa = PBXFileReference; lastKnownFileType = sourcecode.swift; path = UseCase.swift; sourceTree = "<group>"; };
		59EA94CA2B36F3CE007EAA42 /* PostDTO.swift */ = {isa = PBXFileReference; lastKnownFileType = sourcecode.swift; path = PostDTO.swift; sourceTree = "<group>"; };
		59EA94CC2B37425C007EAA42 /* Constant.swift */ = {isa = PBXFileReference; lastKnownFileType = sourcecode.swift; path = Constant.swift; sourceTree = "<group>"; };
		8F5866899DFF645B4709B70D /* Pods_PracticeMVVM_CleanArchitecture.framework */ = {isa = PBXFileReference; explicitFileType = wrapper.framework; includeInIndex = 0; path = Pods_PracticeMVVM_CleanArchitecture.framework; sourceTree = BUILT_PRODUCTS_DIR; };
		C71C73FC44C79A208F3F6AFA /* Pods-PracticeMVVM-CleanArchitecture.debug.xcconfig */ = {isa = PBXFileReference; includeInIndex = 1; lastKnownFileType = text.xcconfig; name = "Pods-PracticeMVVM-CleanArchitecture.debug.xcconfig"; path = "Target Support Files/Pods-PracticeMVVM-CleanArchitecture/Pods-PracticeMVVM-CleanArchitecture.debug.xcconfig"; sourceTree = "<group>"; };
/* End PBXFileReference section */

/* Begin PBXFrameworksBuildPhase section */
		598BA1A72B34212900A950AF /* Frameworks */ = {
			isa = PBXFrameworksBuildPhase;
			buildActionMask = 2147483647;
			files = (
				953A3579F5AE4667DAD06E9F /* Pods_PracticeMVVM_CleanArchitecture.framework in Frameworks */,
			);
			runOnlyForDeploymentPostprocessing = 0;
		};
/* End PBXFrameworksBuildPhase section */

/* Begin PBXGroup section */
		598BA1A12B34212900A950AF = {
			isa = PBXGroup;
			children = (
				598BA1AC2B34212900A950AF /* PracticeMVVM-CleanArchitecture */,
				598BA1AB2B34212900A950AF /* Products */,
				D293DB56E29DEB7843AA20A8 /* Pods */,
				A4AE17D975AEEB48A6AF2109 /* Frameworks */,
			);
			sourceTree = "<group>";
		};
		598BA1AB2B34212900A950AF /* Products */ = {
			isa = PBXGroup;
			children = (
				598BA1AA2B34212900A950AF /* PracticeMVVM-CleanArchitecture.app */,
			);
			name = Products;
			sourceTree = "<group>";
		};
		598BA1AC2B34212900A950AF /* PracticeMVVM-CleanArchitecture */ = {
			isa = PBXGroup;
			children = (
				598BA1AD2B34212900A950AF /* AppDelegate.swift */,
				598BA1AF2B34212900A950AF /* SceneDelegate.swift */,
				598BA1B12B34212900A950AF /* ViewController.swift */,
				59EA94B82B3431C9007EAA42 /* ViewModel.swift */,
				59EA94C62B36B181007EAA42 /* Repository.swift */,
				59EA94C82B36B189007EAA42 /* UseCase.swift */,
				598BA1B62B34212A00A950AF /* Assets.xcassets */,
				598BA1B82B34212A00A950AF /* LaunchScreen.storyboard */,
				598BA1BB2B34212A00A950AF /* Info.plist */,
				59EA94CA2B36F3CE007EAA42 /* PostDTO.swift */,
				59EA94CC2B37425C007EAA42 /* Constant.swift */,
			);
			path = "PracticeMVVM-CleanArchitecture";
			sourceTree = "<group>";
		};
		A4AE17D975AEEB48A6AF2109 /* Frameworks */ = {
			isa = PBXGroup;
			children = (
				8F5866899DFF645B4709B70D /* Pods_PracticeMVVM_CleanArchitecture.framework */,
			);
			name = Frameworks;
			sourceTree = "<group>";
		};
		D293DB56E29DEB7843AA20A8 /* Pods */ = {
			isa = PBXGroup;
			children = (
				C71C73FC44C79A208F3F6AFA /* Pods-PracticeMVVM-CleanArchitecture.debug.xcconfig */,
				55D1C5D3706E74EFC5DFEFBA /* Pods-PracticeMVVM-CleanArchitecture.release.xcconfig */,
			);
			path = Pods;
			sourceTree = "<group>";
		};
/* End PBXGroup section */

/* Begin PBXNativeTarget section */
		598BA1A92B34212900A950AF /* PracticeMVVM-CleanArchitecture */ = {
			isa = PBXNativeTarget;
			buildConfigurationList = 598BA1BE2B34212A00A950AF /* Build configuration list for PBXNativeTarget "PracticeMVVM-CleanArchitecture" */;
			buildPhases = (
				F31340619FE8B7FFF8646CF0 /* [CP] Check Pods Manifest.lock */,
				598BA1A62B34212900A950AF /* Sources */,
				598BA1A72B34212900A950AF /* Frameworks */,
				598BA1A82B34212900A950AF /* Resources */,
				5F389B4F17FCA11093434DBA /* [CP] Embed Pods Frameworks */,
			);
			buildRules = (
			);
			dependencies = (
			);
			name = "PracticeMVVM-CleanArchitecture";
			productName = "PracticeMVVM-CleanArchitecture";
			productReference = 598BA1AA2B34212900A950AF /* PracticeMVVM-CleanArchitecture.app */;
			productType = "com.apple.product-type.application";
		};
/* End PBXNativeTarget section */

/* Begin PBXProject section */
		598BA1A22B34212900A950AF /* Project object */ = {
			isa = PBXProject;
			attributes = {
				BuildIndependentTargetsInParallel = 1;
				LastSwiftUpdateCheck = 1510;
				LastUpgradeCheck = 1510;
				TargetAttributes = {
					598BA1A92B34212900A950AF = {
						CreatedOnToolsVersion = 15.1;
					};
				};
			};
			buildConfigurationList = 598BA1A52B34212900A950AF /* Build configuration list for PBXProject "PracticeMVVM-CleanArchitecture" */;
			compatibilityVersion = "Xcode 14.0";
			developmentRegion = en;
			hasScannedForEncodings = 0;
			knownRegions = (
				en,
				Base,
			);
			mainGroup = 598BA1A12B34212900A950AF;
			productRefGroup = 598BA1AB2B34212900A950AF /* Products */;
			projectDirPath = "";
			projectRoot = "";
			targets = (
				598BA1A92B34212900A950AF /* PracticeMVVM-CleanArchitecture */,
			);
		};
/* End PBXProject section */

/* Begin PBXResourcesBuildPhase section */
		598BA1A82B34212900A950AF /* Resources */ = {
			isa = PBXResourcesBuildPhase;
			buildActionMask = 2147483647;
			files = (
				598BA1BA2B34212A00A950AF /* LaunchScreen.storyboard in Resources */,
				598BA1B72B34212A00A950AF /* Assets.xcassets in Resources */,
			);
			runOnlyForDeploymentPostprocessing = 0;
		};
/* End PBXResourcesBuildPhase section */

/* Begin PBXShellScriptBuildPhase section */
		5F389B4F17FCA11093434DBA /* [CP] Embed Pods Frameworks */ = {
			isa = PBXShellScriptBuildPhase;
			buildActionMask = 2147483647;
			files = (
			);
			inputFileListPaths = (
				"${PODS_ROOT}/Target Support Files/Pods-PracticeMVVM-CleanArchitecture/Pods-PracticeMVVM-CleanArchitecture-frameworks-${CONFIGURATION}-input-files.xcfilelist",
			);
			name = "[CP] Embed Pods Frameworks";
			outputFileListPaths = (
				"${PODS_ROOT}/Target Support Files/Pods-PracticeMVVM-CleanArchitecture/Pods-PracticeMVVM-CleanArchitecture-frameworks-${CONFIGURATION}-output-files.xcfilelist",
			);
			runOnlyForDeploymentPostprocessing = 0;
			shellPath = /bin/sh;
			shellScript = "\"${PODS_ROOT}/Target Support Files/Pods-PracticeMVVM-CleanArchitecture/Pods-PracticeMVVM-CleanArchitecture-frameworks.sh\"\n";
			showEnvVarsInLog = 0;
		};
		F31340619FE8B7FFF8646CF0 /* [CP] Check Pods Manifest.lock */ = {
			isa = PBXShellScriptBuildPhase;
			buildActionMask = 2147483647;
			files = (
			);
			inputFileListPaths = (
			);
			inputPaths = (
				"${PODS_PODFILE_DIR_PATH}/Podfile.lock",
				"${PODS_ROOT}/Manifest.lock",
			);
			name = "[CP] Check Pods Manifest.lock";
			outputFileListPaths = (
			);
			outputPaths = (
				"$(DERIVED_FILE_DIR)/Pods-PracticeMVVM-CleanArchitecture-checkManifestLockResult.txt",
			);
			runOnlyForDeploymentPostprocessing = 0;
			shellPath = /bin/sh;
			shellScript = "diff \"${PODS_PODFILE_DIR_PATH}/Podfile.lock\" \"${PODS_ROOT}/Manifest.lock\" > /dev/null\nif [ $? != 0 ] ; then\n    # print error to STDERR\n    echo \"error: The sandbox is not in sync with the Podfile.lock. Run 'pod install' or update your CocoaPods installation.\" >&2\n    exit 1\nfi\n# This output is used by Xcode 'outputs' to avoid re-running this script phase.\necho \"SUCCESS\" > \"${SCRIPT_OUTPUT_FILE_0}\"\n";
			showEnvVarsInLog = 0;
		};
/* End PBXShellScriptBuildPhase section */

/* Begin PBXSourcesBuildPhase section */
		598BA1A62B34212900A950AF /* Sources */ = {
			isa = PBXSourcesBuildPhase;
			buildActionMask = 2147483647;
			files = (
				598BA1B22B34212900A950AF /* ViewController.swift in Sources */,
				598BA1AE2B34212900A950AF /* AppDelegate.swift in Sources */,
				59EA94CD2B37425C007EAA42 /* Constant.swift in Sources */,
				59EA94C72B36B181007EAA42 /* Repository.swift in Sources */,
				59EA94C92B36B189007EAA42 /* UseCase.swift in Sources */,
				59EA94B92B3431C9007EAA42 /* ViewModel.swift in Sources */,
				598BA1B02B34212900A950AF /* SceneDelegate.swift in Sources */,
				59EA94CB2B36F3CE007EAA42 /* PostDTO.swift in Sources */,
			);
			runOnlyForDeploymentPostprocessing = 0;
		};
/* End PBXSourcesBuildPhase section */

/* Begin PBXVariantGroup section */
		598BA1B82B34212A00A950AF /* LaunchScreen.storyboard */ = {
			isa = PBXVariantGroup;
			children = (
				598BA1B92B34212A00A950AF /* Base */,
			);
			name = LaunchScreen.storyboard;
			sourceTree = "<group>";
		};
/* End PBXVariantGroup section */

/* Begin XCBuildConfiguration section */
		598BA1BC2B34212A00A950AF /* Debug */ = {
			isa = XCBuildConfiguration;
			buildSettings = {
				ALWAYS_SEARCH_USER_PATHS = NO;
				ASSETCATALOG_COMPILER_GENERATE_SWIFT_ASSET_SYMBOL_EXTENSIONS = YES;
				CLANG_ANALYZER_NONNULL = YES;
				CLANG_ANALYZER_NUMBER_OBJECT_CONVERSION = YES_AGGRESSIVE;
				CLANG_CXX_LANGUAGE_STANDARD = "gnu++20";
				CLANG_ENABLE_MODULES = YES;
				CLANG_ENABLE_OBJC_ARC = YES;
				CLANG_ENABLE_OBJC_WEAK = YES;
				CLANG_WARN_BLOCK_CAPTURE_AUTORELEASING = YES;
				CLANG_WARN_BOOL_CONVERSION = YES;
				CLANG_WARN_COMMA = YES;
				CLANG_WARN_CONSTANT_CONVERSION = YES;
				CLANG_WARN_DEPRECATED_OBJC_IMPLEMENTATIONS = YES;
				CLANG_WARN_DIRECT_OBJC_ISA_USAGE = YES_ERROR;
				CLANG_WARN_DOCUMENTATION_COMMENTS = YES;
				CLANG_WARN_EMPTY_BODY = YES;
				CLANG_WARN_ENUM_CONVERSION = YES;
				CLANG_WARN_INFINITE_RECURSION = YES;
				CLANG_WARN_INT_CONVERSION = YES;
				CLANG_WARN_NON_LITERAL_NULL_CONVERSION = YES;
				CLANG_WARN_OBJC_IMPLICIT_RETAIN_SELF = YES;
				CLANG_WARN_OBJC_LITERAL_CONVERSION = YES;
				CLANG_WARN_OBJC_ROOT_CLASS = YES_ERROR;
				CLANG_WARN_QUOTED_INCLUDE_IN_FRAMEWORK_HEADER = YES;
				CLANG_WARN_RANGE_LOOP_ANALYSIS = YES;
				CLANG_WARN_STRICT_PROTOTYPES = YES;
				CLANG_WARN_SUSPICIOUS_MOVE = YES;
				CLANG_WARN_UNGUARDED_AVAILABILITY = YES_AGGRESSIVE;
				CLANG_WARN_UNREACHABLE_CODE = YES;
				CLANG_WARN__DUPLICATE_METHOD_MATCH = YES;
				COPY_PHASE_STRIP = NO;
				DEBUG_INFORMATION_FORMAT = dwarf;
				ENABLE_STRICT_OBJC_MSGSEND = YES;
				ENABLE_TESTABILITY = YES;
				ENABLE_USER_SCRIPT_SANDBOXING = YES;
				GCC_C_LANGUAGE_STANDARD = gnu17;
				GCC_DYNAMIC_NO_PIC = NO;
				GCC_NO_COMMON_BLOCKS = YES;
				GCC_OPTIMIZATION_LEVEL = 0;
				GCC_PREPROCESSOR_DEFINITIONS = (
					"DEBUG=1",
					"$(inherited)",
				);
				GCC_WARN_64_TO_32_BIT_CONVERSION = YES;
				GCC_WARN_ABOUT_RETURN_TYPE = YES_ERROR;
				GCC_WARN_UNDECLARED_SELECTOR = YES;
				GCC_WARN_UNINITIALIZED_AUTOS = YES_AGGRESSIVE;
				GCC_WARN_UNUSED_FUNCTION = YES;
				GCC_WARN_UNUSED_VARIABLE = YES;
				IPHONEOS_DEPLOYMENT_TARGET = 17.2;
				LOCALIZATION_PREFERS_STRING_CATALOGS = YES;
				MTL_ENABLE_DEBUG_INFO = INCLUDE_SOURCE;
				MTL_FAST_MATH = YES;
				ONLY_ACTIVE_ARCH = YES;
				SDKROOT = iphoneos;
				SWIFT_ACTIVE_COMPILATION_CONDITIONS = "DEBUG $(inherited)";
				SWIFT_OPTIMIZATION_LEVEL = "-Onone";
			};
			name = Debug;
		};
		598BA1BD2B34212A00A950AF /* Release */ = {
			isa = XCBuildConfiguration;
			buildSettings = {
				ALWAYS_SEARCH_USER_PATHS = NO;
				ASSETCATALOG_COMPILER_GENERATE_SWIFT_ASSET_SYMBOL_EXTENSIONS = YES;
				CLANG_ANALYZER_NONNULL = YES;
				CLANG_ANALYZER_NUMBER_OBJECT_CONVERSION = YES_AGGRESSIVE;
				CLANG_CXX_LANGUAGE_STANDARD = "gnu++20";
				CLANG_ENABLE_MODULES = YES;
				CLANG_ENABLE_OBJC_ARC = YES;
				CLANG_ENABLE_OBJC_WEAK = YES;
				CLANG_WARN_BLOCK_CAPTURE_AUTORELEASING = YES;
				CLANG_WARN_BOOL_CONVERSION = YES;
				CLANG_WARN_COMMA = YES;
				CLANG_WARN_CONSTANT_CONVERSION = YES;
				CLANG_WARN_DEPRECATED_OBJC_IMPLEMENTATIONS = YES;
				CLANG_WARN_DIRECT_OBJC_ISA_USAGE = YES_ERROR;
				CLANG_WARN_DOCUMENTATION_COMMENTS = YES;
				CLANG_WARN_EMPTY_BODY = YES;
				CLANG_WARN_ENUM_CONVERSION = YES;
				CLANG_WARN_INFINITE_RECURSION = YES;
				CLANG_WARN_INT_CONVERSION = YES;
				CLANG_WARN_NON_LITERAL_NULL_CONVERSION = YES;
				CLANG_WARN_OBJC_IMPLICIT_RETAIN_SELF = YES;
				CLANG_WARN_OBJC_LITERAL_CONVERSION = YES;
				CLANG_WARN_OBJC_ROOT_CLASS = YES_ERROR;
				CLANG_WARN_QUOTED_INCLUDE_IN_FRAMEWORK_HEADER = YES;
				CLANG_WARN_RANGE_LOOP_ANALYSIS = YES;
				CLANG_WARN_STRICT_PROTOTYPES = YES;
				CLANG_WARN_SUSPICIOUS_MOVE = YES;
				CLANG_WARN_UNGUARDED_AVAILABILITY = YES_AGGRESSIVE;
				CLANG_WARN_UNREACHABLE_CODE = YES;
				CLANG_WARN__DUPLICATE_METHOD_MATCH = YES;
				COPY_PHASE_STRIP = NO;
				DEBUG_INFORMATION_FORMAT = "dwarf-with-dsym";
				ENABLE_NS_ASSERTIONS = NO;
				ENABLE_STRICT_OBJC_MSGSEND = YES;
				ENABLE_USER_SCRIPT_SANDBOXING = YES;
				GCC_C_LANGUAGE_STANDARD = gnu17;
				GCC_NO_COMMON_BLOCKS = YES;
				GCC_WARN_64_TO_32_BIT_CONVERSION = YES;
				GCC_WARN_ABOUT_RETURN_TYPE = YES_ERROR;
				GCC_WARN_UNDECLARED_SELECTOR = YES;
				GCC_WARN_UNINITIALIZED_AUTOS = YES_AGGRESSIVE;
				GCC_WARN_UNUSED_FUNCTION = YES;
				GCC_WARN_UNUSED_VARIABLE = YES;
				IPHONEOS_DEPLOYMENT_TARGET = 17.2;
				LOCALIZATION_PREFERS_STRING_CATALOGS = YES;
				MTL_ENABLE_DEBUG_INFO = NO;
				MTL_FAST_MATH = YES;
				SDKROOT = iphoneos;
				SWIFT_COMPILATION_MODE = wholemodule;
				VALIDATE_PRODUCT = YES;
			};
			name = Release;
		};
		598BA1BF2B34212A00A950AF /* Debug */ = {
			isa = XCBuildConfiguration;
			baseConfigurationReference = C71C73FC44C79A208F3F6AFA /* Pods-PracticeMVVM-CleanArchitecture.debug.xcconfig */;
			buildSettings = {
				ASSETCATALOG_COMPILER_APPICON_NAME = AppIcon;
				ASSETCATALOG_COMPILER_GLOBAL_ACCENT_COLOR_NAME = AccentColor;
				CODE_SIGN_STYLE = Automatic;
				CURRENT_PROJECT_VERSION = 1;
				DEVELOPMENT_TEAM = 7CQAR4CYZX;
				ENABLE_APP_SANDBOX = NO;
				ENABLE_USER_SCRIPT_SANDBOXING = NO;
				GENERATE_INFOPLIST_FILE = YES;
				INFOPLIST_FILE = "PracticeMVVM-CleanArchitecture/Info.plist";
				INFOPLIST_KEY_UIApplicationSupportsIndirectInputEvents = YES;
				INFOPLIST_KEY_UILaunchStoryboardName = LaunchScreen;
				INFOPLIST_KEY_UISupportedInterfaceOrientations_iPad = "UIInterfaceOrientationPortrait UIInterfaceOrientationPortraitUpsideDown UIInterfaceOrientationLandscapeLeft UIInterfaceOrientationLandscapeRight";
				INFOPLIST_KEY_UISupportedInterfaceOrientations_iPhone = "UIInterfaceOrientationPortrait UIInterfaceOrientationLandscapeLeft UIInterfaceOrientationLandscapeRight";
				LD_RUNPATH_SEARCH_PATHS = (
					"$(inherited)",
					"@executable_path/Frameworks",
				);
				MARKETING_VERSION = 1.0;
				PRODUCT_BUNDLE_IDENTIFIER = "PracticeMVVM-CleanArchitecture.PracticeMVVM-CleanArchitecture";
				PRODUCT_NAME = "$(TARGET_NAME)";
				SWIFT_EMIT_LOC_STRINGS = YES;
				SWIFT_VERSION = 5.0;
				TARGETED_DEVICE_FAMILY = "1,2";
			};
			name = Debug;
		};
		598BA1C02B34212A00A950AF /* Release */ = {
			isa = XCBuildConfiguration;
			baseConfigurationReference = 55D1C5D3706E74EFC5DFEFBA /* Pods-PracticeMVVM-CleanArchitecture.release.xcconfig */;
			buildSettings = {
				ASSETCATALOG_COMPILER_APPICON_NAME = AppIcon;
				ASSETCATALOG_COMPILER_GLOBAL_ACCENT_COLOR_NAME = AccentColor;
				CODE_SIGN_STYLE = Automatic;
				CURRENT_PROJECT_VERSION = 1;
				DEVELOPMENT_TEAM = 7CQAR4CYZX;
				ENABLE_APP_SANDBOX = NO;
				ENABLE_USER_SCRIPT_SANDBOXING = NO;
				GENERATE_INFOPLIST_FILE = YES;
				INFOPLIST_FILE = "PracticeMVVM-CleanArchitecture/Info.plist";
				INFOPLIST_KEY_UIApplicationSupportsIndirectInputEvents = YES;
				INFOPLIST_KEY_UILaunchStoryboardName = LaunchScreen;
				INFOPLIST_KEY_UISupportedInterfaceOrientations_iPad = "UIInterfaceOrientationPortrait UIInterfaceOrientationPortraitUpsideDown UIInterfaceOrientationLandscapeLeft UIInterfaceOrientationLandscapeRight";
				INFOPLIST_KEY_UISupportedInterfaceOrientations_iPhone = "UIInterfaceOrientationPortrait UIInterfaceOrientationLandscapeLeft UIInterfaceOrientationLandscapeRight";
				LD_RUNPATH_SEARCH_PATHS = (
					"$(inherited)",
					"@executable_path/Frameworks",
				);
				MARKETING_VERSION = 1.0;
				PRODUCT_BUNDLE_IDENTIFIER = "PracticeMVVM-CleanArchitecture.PracticeMVVM-CleanArchitecture";
				PRODUCT_NAME = "$(TARGET_NAME)";
				SWIFT_EMIT_LOC_STRINGS = YES;
				SWIFT_VERSION = 5.0;
				TARGETED_DEVICE_FAMILY = "1,2";
			};
			name = Release;
		};
/* End XCBuildConfiguration section */

/* Begin XCConfigurationList section */
		598BA1A52B34212900A950AF /* Build configuration list for PBXProject "PracticeMVVM-CleanArchitecture" */ = {
			isa = XCConfigurationList;
			buildConfigurations = (
				598BA1BC2B34212A00A950AF /* Debug */,
				598BA1BD2B34212A00A950AF /* Release */,
			);
			defaultConfigurationIsVisible = 0;
			defaultConfigurationName = Release;
		};
		598BA1BE2B34212A00A950AF /* Build configuration list for PBXNativeTarget "PracticeMVVM-CleanArchitecture" */ = {
			isa = XCConfigurationList;
			buildConfigurations = (
				598BA1BF2B34212A00A950AF /* Debug */,
				598BA1C02B34212A00A950AF /* Release */,
			);
			defaultConfigurationIsVisible = 0;
			defaultConfigurationName = Release;
		};
/* End XCConfigurationList section */
	};
	rootObject = 598BA1A22B34212900A950AF /* Project object */;
}
